
Microsoft Visual Studio Solution File, Format Version 12.00
# Visual Studio 15
VisualStudioVersion = 15.0.26124.0
MinimumVisualStudioVersion = 15.0.26124.0
Project("{2150E333-8FDC-42A3-9474-1A3956D46DE8}") = "src", "src", "{3E9CD6A3-66F9-4D7D-B98A-C32B58C18E17}"
EndProject
Project("{FAE04EC0-301F-11D3-BF4B-00C04F79EFBC}") = "UserManager.Api", "src\1 - UserManager.Api\UserManager.Api.csproj", "{027F521D-3149-4158-9C44-ECB347B24F28}"
EndProject
Project("{FAE04EC0-301F-11D3-BF4B-00C04F79EFBC}") = "UserManager.Domain", "src\2 - UserManager.Domain\UserManager.Domain.csproj", "{92DB46F8-AA8F-4B2E-B3DF-815B4E3D5EC7}"
EndProject
Project("{FAE04EC0-301F-11D3-BF4B-00C04F79EFBC}") = "UserManager.Services", "src\3 - UserManager.Services\UserManager.Services.csproj", "{054E9D6E-72B4-422B-828A-3009A3765BC2}"
EndProject
Project("{FAE04EC0-301F-11D3-BF4B-00C04F79EFBC}") = "UserManager.Infra", "src\4 - UserManager.Infra\UserManager.Infra.csproj", "{B518EA77-AFDF-4926-99DA-3B96E670C44C}"
EndProject
Project("{FAE04EC0-301F-11D3-BF4B-00C04F79EFBC}") = "UserManager.Core", "src\5 - UserManager.Core\UserManager.Core.csproj", "{A0A2F7D3-E7C2-4193-9703-B0B733F29957}"
EndProject
Global
	GlobalSection(SolutionConfigurationPlatforms) = preSolution
		Debug|Any CPU = Debug|Any CPU
		Debug|x64 = Debug|x64
		Debug|x86 = Debug|x86
		Release|Any CPU = Release|Any CPU
		Release|x64 = Release|x64
		Release|x86 = Release|x86
	EndGlobalSection
	GlobalSection(SolutionProperties) = preSolution
		HideSolutionNode = FALSE
	EndGlobalSection
	GlobalSection(ProjectConfigurationPlatforms) = postSolution
		{027F521D-3149-4158-9C44-ECB347B24F28}.Debug|Any CPU.ActiveCfg = Debug|Any CPU
		{027F521D-3149-4158-9C44-ECB347B24F28}.Debug|Any CPU.Build.0 = Debug|Any CPU
		{027F521D-3149-4158-9C44-ECB347B24F28}.Debug|x64.ActiveCfg = Debug|Any CPU
		{027F521D-3149-4158-9C44-ECB347B24F28}.Debug|x64.Build.0 = Debug|Any CPU
		{027F521D-3149-4158-9C44-ECB347B24F28}.Debug|x86.ActiveCfg = Debug|Any CPU
		{027F521D-3149-4158-9C44-ECB347B24F28}.Debug|x86.Build.0 = Debug|Any CPU
		{027F521D-3149-4158-9C44-ECB347B24F28}.Release|Any CPU.ActiveCfg = Release|Any CPU
		{027F521D-3149-4158-9C44-ECB347B24F28}.Release|Any CPU.Build.0 = Release|Any CPU
		{027F521D-3149-4158-9C44-ECB347B24F28}.Release|x64.ActiveCfg = Release|Any CPU
		{027F521D-3149-4158-9C44-ECB347B24F28}.Release|x64.Build.0 = Release|Any CPU
		{027F521D-3149-4158-9C44-ECB347B24F28}.Release|x86.ActiveCfg = Release|Any CPU
		{027F521D-3149-4158-9C44-ECB347B24F28}.Release|x86.Build.0 = Release|Any CPU
		{92DB46F8-AA8F-4B2E-B3DF-815B4E3D5EC7}.Debug|Any CPU.ActiveCfg = Debug|Any CPU
		{92DB46F8-AA8F-4B2E-B3DF-815B4E3D5EC7}.Debug|Any CPU.Build.0 = Debug|Any CPU
		{92DB46F8-AA8F-4B2E-B3DF-815B4E3D5EC7}.Debug|x64.ActiveCfg = Debug|Any CPU
		{92DB46F8-AA8F-4B2E-B3DF-815B4E3D5EC7}.Debug|x64.Build.0 = Debug|Any CPU
		{92DB46F8-AA8F-4B2E-B3DF-815B4E3D5EC7}.Debug|x86.ActiveCfg = Debug|Any CPU
		{92DB46F8-AA8F-4B2E-B3DF-815B4E3D5EC7}.Debug|x86.Build.0 = Debug|Any CPU
		{92DB46F8-AA8F-4B2E-B3DF-815B4E3D5EC7}.Release|Any CPU.ActiveCfg = Release|Any CPU
		{92DB46F8-AA8F-4B2E-B3DF-815B4E3D5EC7}.Release|Any CPU.Build.0 = Release|Any CPU
		{92DB46F8-AA8F-4B2E-B3DF-815B4E3D5EC7}.Release|x64.ActiveCfg = Release|Any CPU
		{92DB46F8-AA8F-4B2E-B3DF-815B4E3D5EC7}.Release|x64.Build.0 = Release|Any CPU
		{92DB46F8-AA8F-4B2E-B3DF-815B4E3D5EC7}.Release|x86.ActiveCfg = Release|Any CPU
		{92DB46F8-AA8F-4B2E-B3DF-815B4E3D5EC7}.Release|x86.Build.0 = Release|Any CPU
		{054E9D6E-72B4-422B-828A-3009A3765BC2}.Debug|Any CPU.ActiveCfg = Debug|Any CPU
		{054E9D6E-72B4-422B-828A-3009A3765BC2}.Debug|Any CPU.Build.0 = Debug|Any CPU
		{054E9D6E-72B4-422B-828A-3009A3765BC2}.Debug|x64.ActiveCfg = Debug|Any CPU
		{054E9D6E-72B4-422B-828A-3009A3765BC2}.Debug|x64.Build.0 = Debug|Any CPU
		{054E9D6E-72B4-422B-828A-3009A3765BC2}.Debug|x86.ActiveCfg = Debug|Any CPU
		{054E9D6E-72B4-422B-828A-3009A3765BC2}.Debug|x86.Build.0 = Debug|Any CPU
		{054E9D6E-72B4-422B-828A-3009A3765BC2}.Release|Any CPU.ActiveCfg = Release|Any CPU
		{054E9D6E-72B4-422B-828A-3009A3765BC2}.Release|Any CPU.Build.0 = Release|Any CPU
		{054E9D6E-72B4-422B-828A-3009A3765BC2}.Release|x64.ActiveCfg = Release|Any CPU
		{054E9D6E-72B4-422B-828A-3009A3765BC2}.Release|x64.Build.0 = Release|Any CPU
		{054E9D6E-72B4-422B-828A-3009A3765BC2}.Release|x86.ActiveCfg = Release|Any CPU
		{054E9D6E-72B4-422B-828A-3009A3765BC2}.Release|x86.Build.0 = Release|Any CPU
		{B518EA77-AFDF-4926-99DA-3B96E670C44C}.Debug|Any CPU.ActiveCfg = Debug|Any CPU
		{B518EA77-AFDF-4926-99DA-3B96E670C44C}.Debug|Any CPU.Build.0 = Debug|Any CPU
		{B518EA77-AFDF-4926-99DA-3B96E670C44C}.Debug|x64.ActiveCfg = Debug|Any CPU
		{B518EA77-AFDF-4926-99DA-3B96E670C44C}.Debug|x64.Build.0 = Debug|Any CPU
		{B518EA77-AFDF-4926-99DA-3B96E670C44C}.Debug|x86.ActiveCfg = Debug|Any CPU
		{B518EA77-AFDF-4926-99DA-3B96E670C44C}.Debug|x86.Build.0 = Debug|Any CPU
		{B518EA77-AFDF-4926-99DA-3B96E670C44C}.Release|Any CPU.ActiveCfg = Release|Any CPU
		{B518EA77-AFDF-4926-99DA-3B96E670C44C}.Release|Any CPU.Build.0 = Release|Any CPU
		{B518EA77-AFDF-4926-99DA-3B96E670C44C}.Release|x64.ActiveCfg = Release|Any CPU
		{B518EA77-AFDF-4926-99DA-3B96E670C44C}.Release|x64.Build.0 = Release|Any CPU
		{B518EA77-AFDF-4926-99DA-3B96E670C44C}.Release|x86.ActiveCfg = Release|Any CPU
		{B518EA77-AFDF-4926-99DA-3B96E670C44C}.Release|x86.Build.0 = Release|Any CPU
		{A0A2F7D3-E7C2-4193-9703-B0B733F29957}.Debug|Any CPU.ActiveCfg = Debug|Any CPU
		{A0A2F7D3-E7C2-4193-9703-B0B733F29957}.Debug|Any CPU.Build.0 = Debug|Any CPU
		{A0A2F7D3-E7C2-4193-9703-B0B733F29957}.Debug|x64.ActiveCfg = Debug|Any CPU
		{A0A2F7D3-E7C2-4193-9703-B0B733F29957}.Debug|x64.Build.0 = Debug|Any CPU
		{A0A2F7D3-E7C2-4193-9703-B0B733F29957}.Debug|x86.ActiveCfg = Debug|Any CPU
		{A0A2F7D3-E7C2-4193-9703-B0B733F29957}.Debug|x86.Build.0 = Debug|Any CPU
		{A0A2F7D3-E7C2-4193-9703-B0B733F29957}.Release|Any CPU.ActiveCfg = Release|Any CPU
		{A0A2F7D3-E7C2-4193-9703-B0B733F29957}.Release|Any CPU.Build.0 = Release|Any CPU
		{A0A2F7D3-E7C2-4193-9703-B0B733F29957}.Release|x64.ActiveCfg = Release|Any CPU
		{A0A2F7D3-E7C2-4193-9703-B0B733F29957}.Release|x64.Build.0 = Release|Any CPU
		{A0A2F7D3-E7C2-4193-9703-B0B733F29957}.Release|x86.ActiveCfg = Release|Any CPU
		{A0A2F7D3-E7C2-4193-9703-B0B733F29957}.Release|x86.Build.0 = Release|Any CPU
	EndGlobalSection
	GlobalSection(NestedProjects) = preSolution
		{027F521D-3149-4158-9C44-ECB347B24F28} = {3E9CD6A3-66F9-4D7D-B98A-C32B58C18E17}
		{92DB46F8-AA8F-4B2E-B3DF-815B4E3D5EC7} = {3E9CD6A3-66F9-4D7D-B98A-C32B58C18E17}
		{054E9D6E-72B4-422B-828A-3009A3765BC2} = {3E9CD6A3-66F9-4D7D-B98A-C32B58C18E17}
		{B518EA77-AFDF-4926-99DA-3B96E670C44C} = {3E9CD6A3-66F9-4D7D-B98A-C32B58C18E17}
		{A0A2F7D3-E7C2-4193-9703-B0B733F29957} = {3E9CD6A3-66F9-4D7D-B98A-C32B58C18E17}
	EndGlobalSection
EndGlobal
